# THIS IS AN AUTOGENERATED FILE. DO NOT EDIT THIS FILE DIRECTLY.
# yarn lockfile v1


"@angular/common@8.2.4":
  version "8.2.4"
  resolved "https://registry.yarnpkg.com/@angular/common/-/common-8.2.4.tgz#a300938b327a109ea1229bcbf47158902d3770d9"
  integrity sha512-sPeTkor3uf8T3MvpekS0ZQe9K/yzlHBSoMyT0bIPOYeDTHUph3f/0XyYhH7KSGXLo7tSw1Mx9Ua05nQ+VHtLGQ==
  dependencies:
    tslib "^1.9.0"

"@angular/compiler@8.2.4":
  version "8.2.4"
  resolved "https://registry.yarnpkg.com/@angular/compiler/-/compiler-8.2.4.tgz#741bb5042d7bd4b3af93edc0d26f6831f536627d"
  integrity sha512-LYaYhQlW3GFiXrNywJBYQtsLOWmUFcgudacF1m7QHHhlljnkG3BqkosbT0Dkcl7ayrIDYT/ZMTkVmaiGvgAhnw==
  dependencies:
    tslib "^1.9.0"

"@angular/core@8.2.4":
  version "8.2.4"
  resolved "https://registry.yarnpkg.com/@angular/core/-/core-8.2.4.tgz#72454401dc07c8ed3c64a87d9de70507d6810b14"
  integrity sha512-8FSdkUSb5S4+K2w49iLzrQF/jzcmoRnOogFZQ8CctiXQHSVHHF8AjpoFpFVUAI6/77UVL8CehlyBSKF5EE1Z8A==
  dependencies:
    tslib "^1.9.0"

"@angular/platform-browser-dynamic@8.2.4":
  version "8.2.4"
  resolved "https://registry.yarnpkg.com/@angular/platform-browser-dynamic/-/platform-browser-dynamic-8.2.4.tgz#ef0d3896533efbed7c6f301d7cb9ba3a740f3d27"
  integrity sha512-qn84B796UZIl1KB+YcxwFCx/Ze439Zf7G8ZK+xKsUA16H0R6GswAgBndnYq8xFjww1g4dY7zNH/XZ2FKngETKA==
  dependencies:
    tslib "^1.9.0"

"@angular/platform-browser@8.2.4":
  version "8.2.4"
  resolved "https://registry.yarnpkg.com/@angular/platform-browser/-/platform-browser-8.2.4.tgz#ce89c2397ce945699cbe8b9e7c1d2d932f5d04f9"
  integrity sha512-3nd71h6S4RT9lHu9mVGD/741O+8MBSjI1A0V8H/LjT79yWnkxoR6BgZA7KL76AeTTITagUcVIuxtNAaxssgLHg==
  dependencies:
    tslib "^1.9.0"

core-js@3.2.1:
  version "3.2.1"
  resolved "https://registry.yarnpkg.com/core-js/-/core-js-3.2.1.tgz#cd41f38534da6cc59f7db050fe67307de9868b09"
  integrity sha512-Qa5XSVefSVPRxy2XfUC13WbvqkxhkwB3ve+pgCQveNgYzbM/UxZeu1dcOX/xr4UmfUd+muuvsaxilQzCyUurMw==

rxjs@6.5.3:
  version "6.5.3"
  resolved "https://registry.yarnpkg.com/rxjs/-/rxjs-6.5.3.tgz#510e26317f4db91a7eb1de77d9dd9ba0a4899a3a"
  integrity sha512-wuYsAYYFdWTAnAaPoKGNhfpWwKZbJW+HgAJ+mImp+Epl7BG8oNWBCTyRM8gba9k4lk8BgWdoYm21Mo/RYhhbgA==
  dependencies:
    tslib "^1.9.0"

tslib@^1.9.0:
  version "1.10.0"
  resolved "https://registry.yarnpkg.com/tslib/-/tslib-1.10.0.tgz#c3c19f95973fb0a62973fb09d90d961ee43e5c8a"
  integrity sha512-qOebF53frne81cf0S9B41ByenJ3/IuH8yJKngAX35CmiZySA0khhkovshKK+jGCaMnVomla7gVlIcc3EvKPbTQ==

zone.js@0.10.2:
  version "0.10.2"
  resolved "https://registry.yarnpkg.com/zone.js/-/zone.js-0.10.2.tgz#67ca084b3116fc33fc40435e0d5ea40a207e392e"
  integrity sha512-UAYfiuvxLN4oyuqhJwd21Uxb4CNawrq6fPS/05Su5L4G+1TN+HVDJMUHNMobVQDFJRir2cLAODXwluaOKB7HFg==
