# THIS IS AN AUTOGENERATED FILE. DO NOT EDIT THIS FILE DIRECTLY.
# yarn lockfile v1


vue-class-component@7.1.0, vue-class-component@^7.0.1:
  version "7.1.0"
  resolved "https://registry.yarnpkg.com/vue-class-component/-/vue-class-component-7.1.0.tgz#b33efcb10e17236d684f70b1e96f1946ec793e87"
  integrity sha512-G9152NzUkz0i0xTfhk0Afc8vzdXxDR1pfN4dTwE72cskkgJtdXfrKBkMfGvDuxUh35U500g5Ve4xL8PEGdWeHg==

vue-property-decorator@8.2.2:
  version "8.2.2"
  resolved "https://registry.yarnpkg.com/vue-property-decorator/-/vue-property-decorator-8.2.2.tgz#ac895e9508ee1bf86e3a28568d94d842c2c8e42f"
  integrity sha512-3gRrIeoUtjXvkoMX2stJsVs7805Pa9MXEndnk21ej+sWO7AIc5HF1TKqK0Pox5TEjpO02UbadIF0QWNrx6ZwXQ==
  dependencies:
    vue-class-component "^7.0.1"

vue@2.6.10:
  version "2.6.10"
  resolved "https://registry.yarnpkg.com/vue/-/vue-2.6.10.tgz#a72b1a42a4d82a721ea438d1b6bf55e66195c637"
  integrity sha512-ImThpeNU9HbdZL3utgMCq0oiMzAkt1mcgy3/E6zWC/G6AaQoeuFdsl9nDhTDU3X1R6FK7nsIUuRACVcjI+A2GQ==
